// !$*UTF8*$!
{
	archiveVersion = 1;
	classes = {
	};
	objectVersion = 77;
	objects = {

/* Begin PBXBuildFile section */
		364BCF7D2FF2F16C00B129EA /* WatchSpeedTracker Watch App.app in Embed Watch Content */ = {isa = PBXBuildFile; fileRef = 364BCF7C2FF2F16C00B129EA /* WatchSpeedTracker Watch App.app */; settings = {ATTRIBUTES = (RemoveHeadersOnCopy, ); }; };
/* End PBXBuildFile section */

/* Begin PBXContainerItemProxy section */
		364BCF7E2FF2F16C00B129EA /* PBXContainerItemProxy */ = {
			isa = PBXContainerItemProxy;
			containerPortal = 364BCF702FF2F16C00B129EA /* Project object */;
			proxyType = 1;
			remoteGlobalIDString = 364BCF7B2FF2F16C00B129EA;
			remoteInfo = "WatchSpeedTracker Watch App";
		};
		364BCF8C2FF2F16E00B129EA /* PBXContainerItemProxy */ = {
			isa = PBXContainerItemProxy;
			containerPortal = 364BCF702FF2F16C00B129EA /* Project object */;
			proxyType = 1;
			remoteGlobalIDString = 364BCF7B2FF2F16C00B129EA;
			remoteInfo = "WatchSpeedTracker Watch App";
		};
		364BCF962FF2F16E00B129EA /* PBXContainerItemProxy */ = {
			isa = PBXContainerItemProxy;
			containerPortal = 364BCF702FF2F16C00B129EA /* Project object */;
			proxyType = 1;
			remoteGlobalIDString = 364BCF7B2FF2F16C00B129EA;
			remoteInfo = "WatchSpeedTracker Watch App";
		};
/* End PBXContainerItemProxy section */

/* Begin PBXCopyFilesBuildPhase section */
		364BCFA22FF2F16E00B129EA /* Embed Watch Content */ = {
			isa = PBXCopyFilesBuildPhase;
			buildActionMask = 2147483647;
			dstPath = "$(CONTENTS_FOLDER_PATH)/Watch";
			dstSubfolderSpec = 16;
			files = (
				364BCF7D2FF2F16C00B129EA /* WatchSpeedTracker Watch App.app in Embed Watch Content */,
			);
			name = "Embed Watch Content";
			runOnlyForDeploymentPostprocessing = 0;
		};
/* End PBXCopyFilesBuildPhase section */

/* Begin PBXFileReference section */
		364BCF762FF2F16C00B129EA /* WatchSpeedTracker.app */ = {isa = PBXFileReference; explicitFileType = wrapper.application; includeInIndex = 0; path = WatchSpeedTracker.app; sourceTree = BUILT_PRODUCTS_DIR; };
		364BCF7C2FF2F16C00B129EA /* WatchSpeedTracker Watch App.app */ = {isa = PBXFileReference; explicitFileType = wrapper.application; includeInIndex = 0; path = "WatchSpeedTracker Watch App.app"; sourceTree = BUILT_PRODUCTS_DIR; };
		364BCF8B2FF2F16E00B129EA /* WatchSpeedTracker Watch AppTests.xctest */ = {isa = PBXFileReference; explicitFileType = wrapper.cfbundle; includeInIndex = 0; path = "WatchSpeedTracker Watch AppTests.xctest"; sourceTree = BUILT_PRODUCTS_DIR; };
		364BCF952FF2F16E00B129EA /* WatchSpeedTracker Watch AppUITests.xctest */ = {isa = PBXFileReference; explicitFileType = wrapper.cfbundle; includeInIndex = 0; path = "WatchSpeedTracker Watch AppUITests.xctest"; sourceTree = BUILT_PRODUCTS_DIR; };
/* End PBXFileReference section */

/* Begin PBXFileSystemSynchronizedRootGroup section */
		364BCF802FF2F16C00B129EA /* WatchSpeedTracker Watch App */ = {
			isa = PBXFileSystemSynchronizedRootGroup;
			path = "WatchSpeedTracker Watch App";
			sourceTree = "<group>";
		};
		364BCF8E2FF2F16E00B129EA /* WatchSpeedTracker Watch AppTests */ = {
			isa = PBXFileSystemSynchronizedRootGroup;
			path = "WatchSpeedTracker Watch AppTests";
			sourceTree = "<group>";
		};
		364BCF982FF2F16E00B129EA /* WatchSpeedTracker Watch AppUITests */ = {
			isa = PBXFileSystemSynchronizedRootGroup;
			path = "WatchSpeedTracker Watch AppUITests";
			sourceTree = "<group>";
		};
/* End PBXFileSystemSynchronizedRootGroup section */

/* Begin PBXFrameworksBuildPhase section */
		364BCF792FF2F16C00B129EA /* Frameworks */ = {
			isa = PBXFrameworksBuildPhase;
			buildActionMask = 2147483647;
			files = (
			);
			runOnlyForDeploymentPostprocessing = 0;
		};
		364BCF882FF2F16E00B129EA /* Frameworks */ = {
			isa = PBXFrameworksBuildPhase;
			buildActionMask = 2147483647;
			files = (
			);
			runOnlyForDeploymentPostprocessing = 0;
		};
		364BCF922FF2F16E00B129EA /* Frameworks */ = {
			isa = PBXFrameworksBuildPhase;
			buildActionMask = 2147483647;
			files = (
			);
			runOnlyForDeploymentPostprocessing = 0;
		};
/* End PBXFrameworksBuildPhase section */

/* Begin PBXGroup section */
		364BCF6F2FF2F16C00B129EA = {
			isa = PBXGroup;
			children = (
				364BCF802FF2F16C00B129EA /* WatchSpeedTracker Watch App */,
				364BCF8E2FF2F16E00B129EA /* WatchSpeedTracker Watch AppTests */,
				364BCF982FF2F16E00B129EA /* WatchSpeedTracker Watch AppUITests */,
				364BCF772FF2F16C00B129EA /* Products */,
			);
			sourceTree = "<group>";
		};
		364BCF772FF2F16C00B129EA /* Products */ = {
			isa = PBXGroup;
			children = (
				364BCF762FF2F16C00B129EA /* WatchSpeedTracker.app */,
				364BCF7C2FF2F16C00B129EA /* WatchSpeedTracker Watch App.app */,
				364BCF8B2FF2F16E00B129EA /* WatchSpeedTracker Watch AppTests.xctest */,
				364BCF952FF2F16E00B129EA /* WatchSpeedTracker Watch AppUITests.xctest */,
			);
			name = Products;
			sourceTree = "<group>";
		};
/* End PBXGroup section */

/* Begin PBXNativeTarget section */
		364BCF752FF2F16C00B129EA /* WatchSpeedTracker */ = {
			isa = PBXNativeTarget;
			buildConfigurationList = 364BCFA32FF2F16E00B129EA /* Build configuration list for PBXNativeTarget "WatchSpeedTracker" */;
			buildPhases = (
				364BCF742FF2F16C00B129EA /* Resources */,
				364BCFA22FF2F16E00B129EA /* Embed Watch Content */,
			);
			buildRules = (
			);
			dependencies = (
				364BCF7F2FF2F16C00B129EA /* PBXTargetDependency */,
			);
			name = WatchSpeedTracker;
			packageProductDependencies = (
			);
			productName = WatchSpeedTracker;
			productReference = 364BCF762FF2F16C00B129EA /* WatchSpeedTracker.app */;
			productType = "com.apple.product-type.application.watchapp2-container";
		};
		364BCF7B2FF2F16C00B129EA /* WatchSpeedTracker Watch App */ = {
			isa = PBXNativeTarget;
			buildConfigurationList = 364BCF9F2FF2F16E00B129EA /* Build configuration list for PBXNativeTarget "WatchSpeedTracker Watch App" */;
			buildPhases = (
				364BCF782FF2F16C00B129EA /* Sources */,
				364BCF792FF2F16C00B129EA /* Frameworks */,
				364BCF7A2FF2F16C00B129EA /* Resources */,
			);
			buildRules = (
			);
			dependencies = (
			);
			fileSystemSynchronizedGroups = (
				364BCF802FF2F16C00B129EA /* WatchSpeedTracker Watch App */,
			);
			name = "WatchSpeedTracker Watch App";
			packageProductDependencies = (
			);
			productName = "WatchSpeedTracker Watch App";
			productReference = 364BCF7C2FF2F16C00B129EA /* WatchSpeedTracker Watch App.app */;
			productType = "com.apple.product-type.application";
		};
		364BCF8A2FF2F16E00B129EA /* WatchSpeedTracker Watch AppTests */ = {
			isa = PBXNativeTarget;
			buildConfigurationList = 364BCFA62FF2F16E00B129EA /* Build configuration list for PBXNativeTarget "WatchSpeedTracker Watch AppTests" */;
			buildPhases = (
				364BCF872FF2F16E00B129EA /* Sources */,
				364BCF882FF2F16E00B129EA /* Frameworks */,
				364BCF892FF2F16E00B129EA /* Resources */,
			);
			buildRules = (
			);
			dependencies = (
				364BCF8D2FF2F16E00B129EA /* PBXTargetDependency */,
			);
			fileSystemSynchronizedGroups = (
				364BCF8E2FF2F16E00B129EA /* WatchSpeedTracker Watch AppTests */,
			);
			name = "WatchSpeedTracker Watch AppTests";
			packageProductDependencies = (
			);
			productName = "WatchSpeedTracker Watch AppTests";
			productReference = 364BCF8B2FF2F16E00B129EA /* WatchSpeedTracker Watch AppTests.xctest */;
			productType = "com.apple.product-type.bundle.unit-test";
		};
		364BCF942FF2F16E00B129EA /* WatchSpeedTracker Watch AppUITests */ = {
			isa = PBXNativeTarget;
			buildConfigurationList = 364BCFA92FF2F16E00B129EA /* Build configuration list for PBXNativeTarget "WatchSpeedTracker Watch AppUITests" */;
			buildPhases = (
				364BCF912FF2F16E00B129EA /* Sources */,
				364BCF922FF2F16E00B129EA /* Frameworks */,
				364BCF932FF2F16E00B129EA /* Resources */,
			);
			buildRules = (
			);
			dependencies = (
				364BCF972FF2F16E00B129EA /* PBXTargetDependency */,
			);
			fileSystemSynchronizedGroups = (
				364BCF982FF2F16E00B129EA /* WatchSpeedTracker Watch AppUITests */,
			);
			name = "WatchSpeedTracker Watch AppUITests";
			packageProductDependencies = (
			);
			productName = "WatchSpeedTracker Watch AppUITests";
			productReference = 364BCF952FF2F16E00B129EA /* WatchSpeedTracker Watch AppUITests.xctest */;
			productType = "com.apple.product-type.bundle.ui-testing";
		};
/* End PBXNativeTarget section */

/* Begin PBXProject section */
		364BCF702FF2F16C00B129EA /* Project object */ = {
			isa = PBXProject;
			attributes = {
				BuildIndependentTargetsInParallel = 1;
				LastSwiftUpdateCheck = 2660;
				LastUpgradeCheck = 2660;
				TargetAttributes = {
					364BCF752FF2F16C00B129EA = {
						CreatedOnToolsVersion = 26.6;
					};
					364BCF7B2FF2F16C00B129EA = {
						CreatedOnToolsVersion = 26.6;
					};
					364BCF8A2FF2F16E00B129EA = {
						CreatedOnToolsVersion = 26.6;
						TestTargetID = 364BCF7B2FF2F16C00B129EA;
					};
					364BCF942FF2F16E00B129EA = {
						CreatedOnToolsVersion = 26.6;
						TestTargetID = 364BCF7B2FF2F16C00B129EA;
					};
				};
			};
			buildConfigurationList = 364BCF732FF2F16C00B129EA /* Build configuration list for PBXProject "WatchSpeedTracker" */;
			developmentRegion = en;
			hasScannedForEncodings = 0;
			knownRegions = (
				en,
				Base,
			);
			mainGroup = 364BCF6F2FF2F16C00B129EA;
			minimizedProjectReferenceProxies = 1;
			preferredProjectObjectVersion = 77;
			productRefGroup = 364BCF772FF2F16C00B129EA /* Products */;
			projectDirPath = "";
			projectRoot = "";
			targets = (
				364BCF752FF2F16C00B129EA /* WatchSpeedTracker */,
				364BCF7B2FF2F16C00B129EA /* WatchSpeedTracker Watch App */,
				364BCF8A2FF2F16E00B129EA /* WatchSpeedTracker Watch AppTests */,
				364BCF942FF2F16E00B129EA /* WatchSpeedTracker Watch AppUITests */,
			);
		};
/* End PBXProject section */

/* Begin PBXResourcesBuildPhase section */
		364BCF742FF2F16C00B129EA /* Resources */ = {
			isa = PBXResourcesBuildPhase;
			buildActionMask = 2147483647;
			files = (
			);
			runOnlyForDeploymentPostprocessing = 0;
		};
		364BCF7A2FF2F16C00B129EA /* Resources */ = {
			isa = PBXResourcesBuildPhase;
			buildActionMask = 2147483647;
			files = (
			);
			runOnlyForDeploymentPostprocessing = 0;
		};
		364BCF892FF2F16E00B129EA /* Resources */ = {
			isa = PBXResourcesBuildPhase;
			buildActionMask = 2147483647;
			files = (
			);
			runOnlyForDeploymentPostprocessing = 0;
		};
		364BCF932FF2F16E00B129EA /* Resources */ = {
			isa = PBXResourcesBuildPhase;
			buildActionMask = 2147483647;
			files = (
			);
			runOnlyForDeploymentPostprocessing = 0;
		};
/* End PBXResourcesBuildPhase section */

/* Begin PBXSourcesBuildPhase section */
		364BCF782FF2F16C00B129EA /* Sources */ = {
			isa = PBXSourcesBuildPhase;
			buildActionMask = 2147483647;
			files = (
			);
			runOnlyForDeploymentPostprocessing = 0;
		};
		364BCF872FF2F16E00B129EA /* Sources */ = {
			isa = PBXSourcesBuildPhase;
			buildActionMask = 2147483647;
			files = (
			);
			runOnlyForDeploymentPostprocessing = 0;
		};
		364BCF912FF2F16E00B129EA /* Sources */ = {
			isa = PBXSourcesBuildPhase;
			buildActionMask = 2147483647;
			files = (
			);
			runOnlyForDeploymentPostprocessing = 0;
		};
/* End PBXSourcesBuildPhase section */

/* Begin PBXTargetDependency section */
		364BCF7F2FF2F16C00B129EA /* PBXTargetDependency */ = {
			isa = PBXTargetDependency;
			target = 364BCF7B2FF2F16C00B129EA /* WatchSpeedTracker Watch App */;
			targetProxy = 364BCF7E2FF2F16C00B129EA /* PBXContainerItemProxy */;
		};
		364BCF8D2FF2F16E00B129EA /* PBXTargetDependency */ = {
			isa = PBXTargetDependency;
			target = 364BCF7B2FF2F16C00B129EA /* WatchSpeedTracker Watch App */;
			targetProxy = 364BCF8C2FF2F16E00B129EA /* PBXContainerItemProxy */;
		};
		364BCF972FF2F16E00B129EA /* PBXTargetDependency */ = {
			isa = PBXTargetDependency;
			target = 364BCF7B2FF2F16C00B129EA /* WatchSpeedTracker Watch App */;
			targetProxy = 364BCF962FF2F16E00B129EA /* PBXContainerItemProxy */;
		};
/* End PBXTargetDependency section */

/* Begin XCBuildConfiguration section */
		364BCF9D2FF2F16E00B129EA /* Debug */ = {
			isa = XCBuildConfiguration;
			buildSettings = {
				ALWAYS_SEARCH_USER_PATHS = NO;
				ASSETCATALOG_COMPILER_GENERATE_SWIFT_ASSET_SYMBOL_EXTENSIONS = YES;
				CLANG_ANALYZER_NONNULL = YES;
				CLANG_ANALYZER_NUMBER_OBJECT_CONVERSION = YES_AGGRESSIVE;
				CLANG_CXX_LANGUAGE_STANDARD = "gnu++20";
				CLANG_ENABLE_MODULES = YES;
				CLANG_ENABLE_OBJC_ARC = YES;
				CLANG_ENABLE_OBJC_WEAK = YES;
				CLANG_WARN_BLOCK_CAPTURE_AUTORELEASING = YES;
				CLANG_WARN_BOOL_CONVERSION = YES;
				CLANG_WARN_COMMA = YES;
				CLANG_WARN_CONSTANT_CONVERSION = YES;
				CLANG_WARN_DEPRECATED_OBJC_IMPLEMENTATIONS = YES;
				CLANG_WARN_DIRECT_OBJC_ISA_USAGE = YES_ERROR;
				CLANG_WARN_DOCUMENTATION_COMMENTS = YES;
				CLANG_WARN_EMPTY_BODY = YES;
				CLANG_WARN_ENUM_CONVERSION = YES;
				CLANG_WARN_INFINITE_RECURSION = YES;
				CLANG_WARN_INT_CONVERSION = YES;
				CLANG_WARN_NON_LITERAL_NULL_CONVERSION = YES;
				CLANG_WARN_OBJC_IMPLICIT_RETAIN_SELF = YES;
				CLANG_WARN_OBJC_LITERAL_CONVERSION = YES;
				CLANG_WARN_OBJC_ROOT_CLASS = YES_ERROR;
				CLANG_WARN_QUOTED_INCLUDE_IN_FRAMEWORK_HEADER = YES;
				CLANG_WARN_RANGE_LOOP_ANALYSIS = YES;
				CLANG_WARN_STRICT_PROTOTYPES = YES;
				CLANG_WARN_SUSPICIOUS_MOVE = YES;
				CLANG_WARN_UNGUARDED_AVAILABILITY = YES_AGGRESSIVE;
				CLANG_WARN_UNREACHABLE_CODE = YES;
				CLANG_WARN__DUPLICATE_METHOD_MATCH = YES;
				COPY_PHASE_STRIP = NO;
				DEBUG_INFORMATION_FORMAT = dwarf;
				DEVELOPMENT_TEAM = 978X2HUR93;
				ENABLE_STRICT_OBJC_MSGSEND = YES;
				ENABLE_TESTABILITY = YES;
				ENABLE_USER_SCRIPT_SANDBOXING = YES;
				GCC_C_LANGUAGE_STANDARD = gnu17;
				GCC_DYNAMIC_NO_PIC = NO;
				GCC_NO_COMMON_BLOCKS = YES;
				GCC_OPTIMIZATION_LEVEL = 0;
				GCC_PREPROCESSOR_DEFINITIONS = (
					"DEBUG=1",
					"$(inherited)",
				);
				GCC_WARN_64_TO_32_BIT_CONVERSION = YES;
				GCC_WARN_ABOUT_RETURN_TYPE = YES_ERROR;
				GCC_WARN_UNDECLARED_SELECTOR = YES;
				GCC_WARN_UNINITIALIZED_AUTOS = YES_AGGRESSIVE;
				GCC_WARN_UNUSED_FUNCTION = YES;
				GCC_WARN_UNUSED_VARIABLE = YES;
				LOCALIZATION_PREFERS_STRING_CATALOGS = YES;
				MTL_ENABLE_DEBUG_INFO = INCLUDE_SOURCE;
				MTL_FAST_MATH = YES;
				ONLY_ACTIVE_ARCH = YES;
				SWIFT_ACTIVE_COMPILATION_CONDITIONS = "DEBUG $(inherited)";
				SWIFT_OPTIMIZATION_LEVEL = "-Onone";
			};
			name = Debug;
		};
		364BCF9E2FF2F16E00B129EA /* Release */ = {
			isa = XCBuildConfiguration;
			buildSettings = {
				ALWAYS_SEARCH_USER_PATHS = NO;
				ASSETCATALOG_COMPILER_GENERATE_SWIFT_ASSET_SYMBOL_EXTENSIONS = YES;
				CLANG_ANALYZER_NONNULL = YES;
				CLANG_ANALYZER_NUMBER_OBJECT_CONVERSION = YES_AGGRESSIVE;
				CLANG_CXX_LANGUAGE_STANDARD = "gnu++20";
				CLANG_ENABLE_MODULES = YES;
				CLANG_ENABLE_OBJC_ARC = YES;
				CLANG_ENABLE_OBJC_WEAK = YES;
				CLANG_WARN_BLOCK_CAPTURE_AUTORELEASING = YES;
				CLANG_WARN_BOOL_CONVERSION = YES;
				CLANG_WARN_COMMA = YES;
				CLANG_WARN_CONSTANT_CONVERSION = YES;
				CLANG_WARN_DEPRECATED_OBJC_IMPLEMENTATIONS = YES;
				CLANG_WARN_DIRECT_OBJC_ISA_USAGE = YES_ERROR;
				CLANG_WARN_DOCUMENTATION_COMMENTS = YES;
				CLANG_WARN_EMPTY_BODY = YES;
				CLANG_WARN_ENUM_CONVERSION = YES;
				CLANG_WARN_INFINITE_RECURSION = YES;
				CLANG_WARN_INT_CONVERSION = YES;
				CLANG_WARN_NON_LITERAL_NULL_CONVERSION = YES;
				CLANG_WARN_OBJC_IMPLICIT_RETAIN_SELF = YES;
				CLANG_WARN_OBJC_LITERAL_CONVERSION = YES;
				CLANG_WARN_OBJC_ROOT_CLASS = YES_ERROR;
				CLANG_WARN_QUOTED_INCLUDE_IN_FRAMEWORK_HEADER = YES;
				CLANG_WARN_RANGE_LOOP_ANALYSIS = YES;
				CLANG_WARN_STRICT_PROTOTYPES = YES;
				CLANG_WARN_SUSPICIOUS_MOVE = YES;
				CLANG_WARN_UNGUARDED_AVAILABILITY = YES_AGGRESSIVE;
				CLANG_WARN_UNREACHABLE_CODE = YES;
				CLANG_WARN__DUPLICATE_METHOD_MATCH = YES;
				COPY_PHASE_STRIP = NO;
				DEBUG_INFORMATION_FORMAT = "dwarf-with-dsym";
				DEVELOPMENT_TEAM = 978X2HUR93;
				ENABLE_NS_ASSERTIONS = NO;
				ENABLE_STRICT_OBJC_MSGSEND = YES;
				ENABLE_USER_SCRIPT_SANDBOXING = YES;
				GCC_C_LANGUAGE_STANDARD = gnu17;
				GCC_NO_COMMON_BLOCKS = YES;
				GCC_WARN_64_TO_32_BIT_CONVERSION = YES;
				GCC_WARN_ABOUT_RETURN_TYPE = YES_ERROR;
				GCC_WARN_UNDECLARED_SELECTOR = YES;
				GCC_WARN_UNINITIALIZED_AUTOS = YES_AGGRESSIVE;
				GCC_WARN_UNUSED_FUNCTION = YES;
				GCC_WARN_UNUSED_VARIABLE = YES;
				LOCALIZATION_PREFERS_STRING_CATALOGS = YES;
				MTL_ENABLE_DEBUG_INFO = NO;
				MTL_FAST_MATH = YES;
				SWIFT_COMPILATION_MODE = wholemodule;
			};
			name = Release;
		};
		364BCFA02FF2F16E00B129EA /* Debug */ = {
			isa = XCBuildConfiguration;
			buildSettings = {
				ASSETCATALOG_COMPILER_APPICON_NAME = AppIcon;
				ASSETCATALOG_COMPILER_GLOBAL_ACCENT_COLOR_NAME = AccentColor;
				CODE_SIGN_STYLE = Automatic;
				CURRENT_PROJECT_VERSION = 1;
				DEVELOPMENT_TEAM = 978X2HUR93;
				ENABLE_PREVIEWS = YES;
				GENERATE_INFOPLIST_FILE = YES;
				INFOPLIST_KEY_CFBundleDisplayName = WatchSpeedTracker;
				INFOPLIST_KEY_NSLocationAlwaysAndWhenInUseUsageDescription = "运动时持续记录您的速度和轨迹";
				INFOPLIST_KEY_NSLocationWhenInUseUsageDescription = "需要定位权限来计算您的移动速度和记录运动轨迹";
				INFOPLIST_KEY_UISupportedInterfaceOrientations = "UIInterfaceOrientationPortrait UIInterfaceOrientationPortraitUpsideDown";
				INFOPLIST_KEY_WKApplicationAutoLockDisabled = YES;
				INFOPLIST_KEY_WKWatchOnly = YES;
				LD_RUNPATH_SEARCH_PATHS = (
					"$(inherited)",
					"@executable_path/Frameworks",
				);
				MARKETING_VERSION = 1.0;
				PRODUCT_BUNDLE_IDENTIFIER = awen.WatchSpeedTracker.watchkitapp;
				PRODUCT_NAME = "$(TARGET_NAME)";
				SDKROOT = watchos;
				SKIP_INSTALL = YES;
				STRING_CATALOG_GENERATE_SYMBOLS = YES;
				SWIFT_APPROACHABLE_CONCURRENCY = YES;
				SWIFT_DEFAULT_ACTOR_ISOLATION = MainActor;
				SWIFT_EMIT_LOC_STRINGS = YES;
				SWIFT_UPCOMING_FEATURE_MEMBER_IMPORT_VISIBILITY = YES;
				SWIFT_VERSION = 5.0;
				TARGETED_DEVICE_FAMILY = 4;
				WATCHOS_DEPLOYMENT_TARGET = 26.5;
			};
			name = Debug;
		};
		364BCFA12FF2F16E00B129EA /* Release */ = {
			isa = XCBuildConfiguration;
			buildSettings = {
				ASSETCATALOG_COMPILER_APPICON_NAME = AppIcon;
				ASSETCATALOG_COMPILER_GLOBAL_ACCENT_COLOR_NAME = AccentColor;
				CODE_SIGN_STYLE = Automatic;
				CURRENT_PROJECT_VERSION = 1;
				DEVELOPMENT_TEAM = 978X2HUR93;
				ENABLE_PREVIEWS = YES;
				GENERATE_INFOPLIST_FILE = YES;
				INFOPLIST_KEY_CFBundleDisplayName = WatchSpeedTracker;
				INFOPLIST_KEY_NSLocationAlwaysAndWhenInUseUsageDescription = "运动时持续记录您的速度和轨迹";
				INFOPLIST_KEY_NSLocationWhenInUseUsageDescription = "需要定位权限来计算您的移动速度和记录运动轨迹";
				INFOPLIST_KEY_UISupportedInterfaceOrientations = "UIInterfaceOrientationPortrait UIInterfaceOrientationPortraitUpsideDown";
				INFOPLIST_KEY_WKApplicationAutoLockDisabled = YES;
				INFOPLIST_KEY_WKWatchOnly = YES;
				LD_RUNPATH_SEARCH_PATHS = (
					"$(inherited)",
					"@executable_path/Frameworks",
				);
				MARKETING_VERSION = 1.0;
				PRODUCT_BUNDLE_IDENTIFIER = awen.WatchSpeedTracker.watchkitapp;
				PRODUCT_NAME = "$(TARGET_NAME)";
				SDKROOT = watchos;
				SKIP_INSTALL = YES;
				STRING_CATALOG_GENERATE_SYMBOLS = YES;
				SWIFT_APPROACHABLE_CONCURRENCY = YES;
				SWIFT_DEFAULT_ACTOR_ISOLATION = MainActor;
				SWIFT_EMIT_LOC_STRINGS = YES;
				SWIFT_UPCOMING_FEATURE_MEMBER_IMPORT_VISIBILITY = YES;
				SWIFT_VERSION = 5.0;
				TARGETED_DEVICE_FAMILY = 4;
				VALIDATE_PRODUCT = YES;
				WATCHOS_DEPLOYMENT_TARGET = 26.5;
			};
			name = Release;
		};
		364BCFA42FF2F16E00B129EA /* Debug */ = {
			isa = XCBuildConfiguration;
			buildSettings = {
				CODE_SIGN_STYLE = Automatic;
				CURRENT_PROJECT_VERSION = 1;
				DEVELOPMENT_TEAM = 978X2HUR93;
				INFOPLIST_KEY_CFBundleDisplayName = WatchSpeedTracker;
				MARKETING_VERSION = 1.0;
				PRODUCT_BUNDLE_IDENTIFIER = awen.WatchSpeedTracker;
				PRODUCT_NAME = "$(TARGET_NAME)";
				SDKROOT = iphoneos;
				SWIFT_APPROACHABLE_CONCURRENCY = YES;
				SWIFT_UPCOMING_FEATURE_MEMBER_IMPORT_VISIBILITY = YES;
				SWIFT_VERSION = 5.0;
			};
			name = Debug;
		};
		364BCFA52FF2F16E00B129EA /* Release */ = {
			isa = XCBuildConfiguration;
			buildSettings = {
				CODE_SIGN_STYLE = Automatic;
				CURRENT_PROJECT_VERSION = 1;
				DEVELOPMENT_TEAM = 978X2HUR93;
				INFOPLIST_KEY_CFBundleDisplayName = WatchSpeedTracker;
				MARKETING_VERSION = 1.0;
				PRODUCT_BUNDLE_IDENTIFIER = awen.WatchSpeedTracker;
				PRODUCT_NAME = "$(TARGET_NAME)";
				SDKROOT = iphoneos;
				SWIFT_APPROACHABLE_CONCURRENCY = YES;
				SWIFT_UPCOMING_FEATURE_MEMBER_IMPORT_VISIBILITY = YES;
				SWIFT_VERSION = 5.0;
				VALIDATE_PRODUCT = YES;
			};
			name = Release;
		};
		364BCFA72FF2F16E00B129EA /* Debug */ = {
			isa = XCBuildConfiguration;
			buildSettings = {
				BUNDLE_LOADER = "$(TEST_HOST)";
				CODE_SIGN_STYLE = Automatic;
				CURRENT_PROJECT_VERSION = 1;
				DEVELOPMENT_TEAM = 978X2HUR93;
				GENERATE_INFOPLIST_FILE = YES;
				MARKETING_VERSION = 1.0;
				PRODUCT_BUNDLE_IDENTIFIER = "awen.WatchSpeedTracker-Watch-AppTests";
				PRODUCT_NAME = "$(TARGET_NAME)";
				SDKROOT = watchos;
				STRING_CATALOG_GENERATE_SYMBOLS = NO;
				SWIFT_APPROACHABLE_CONCURRENCY = YES;
				SWIFT_EMIT_LOC_STRINGS = NO;
				SWIFT_UPCOMING_FEATURE_MEMBER_IMPORT_VISIBILITY = YES;
				SWIFT_VERSION = 5.0;
				TARGETED_DEVICE_FAMILY = 4;
				TEST_HOST = "$(BUILT_PRODUCTS_DIR)/WatchSpeedTracker Watch App.app/$(BUNDLE_EXECUTABLE_FOLDER_PATH)/WatchSpeedTracker Watch App";
				WATCHOS_DEPLOYMENT_TARGET = 26.5;
			};
			name = Debug;
		};
		364BCFA82FF2F16E00B129EA /* Release */ = {
			isa = XCBuildConfiguration;
			buildSettings = {
				BUNDLE_LOADER = "$(TEST_HOST)";
				CODE_SIGN_STYLE = Automatic;
				CURRENT_PROJECT_VERSION = 1;
				DEVELOPMENT_TEAM = 978X2HUR93;
				GENERATE_INFOPLIST_FILE = YES;
				MARKETING_VERSION = 1.0;
				PRODUCT_BUNDLE_IDENTIFIER = "awen.WatchSpeedTracker-Watch-AppTests";
				PRODUCT_NAME = "$(TARGET_NAME)";
				SDKROOT = watchos;
				STRING_CATALOG_GENERATE_SYMBOLS = NO;
				SWIFT_APPROACHABLE_CONCURRENCY = YES;
				SWIFT_EMIT_LOC_STRINGS = NO;
				SWIFT_UPCOMING_FEATURE_MEMBER_IMPORT_VISIBILITY = YES;
				SWIFT_VERSION = 5.0;
				TARGETED_DEVICE_FAMILY = 4;
				TEST_HOST = "$(BUILT_PRODUCTS_DIR)/WatchSpeedTracker Watch App.app/$(BUNDLE_EXECUTABLE_FOLDER_PATH)/WatchSpeedTracker Watch App";
				VALIDATE_PRODUCT = YES;
				WATCHOS_DEPLOYMENT_TARGET = 26.5;
			};
			name = Release;
		};
		364BCFAA2FF2F16E00B129EA /* Debug */ = {
			isa = XCBuildConfiguration;
			buildSettings = {
				CODE_SIGN_STYLE = Automatic;
				CURRENT_PROJECT_VERSION = 1;
				DEVELOPMENT_TEAM = 978X2HUR93;
				GENERATE_INFOPLIST_FILE = YES;
				MARKETING_VERSION = 1.0;
				PRODUCT_BUNDLE_IDENTIFIER = "awen.WatchSpeedTracker-Watch-AppUITests";
				PRODUCT_NAME = "$(TARGET_NAME)";
				SDKROOT = watchos;
				STRING_CATALOG_GENERATE_SYMBOLS = NO;
				SWIFT_APPROACHABLE_CONCURRENCY = YES;
				SWIFT_EMIT_LOC_STRINGS = NO;
				SWIFT_UPCOMING_FEATURE_MEMBER_IMPORT_VISIBILITY = YES;
				SWIFT_VERSION = 5.0;
				TARGETED_DEVICE_FAMILY = 4;
				TEST_TARGET_NAME = "WatchSpeedTracker Watch App";
				WATCHOS_DEPLOYMENT_TARGET = 26.5;
			};
			name = Debug;
		};
		364BCFAB2FF2F16E00B129EA /* Release */ = {
			isa = XCBuildConfiguration;
			buildSettings = {
				CODE_SIGN_STYLE = Automatic;
				CURRENT_PROJECT_VERSION = 1;
				DEVELOPMENT_TEAM = 978X2HUR93;
				GENERATE_INFOPLIST_FILE = YES;
				MARKETING_VERSION = 1.0;
				PRODUCT_BUNDLE_IDENTIFIER = "awen.WatchSpeedTracker-Watch-AppUITests";
				PRODUCT_NAME = "$(TARGET_NAME)";
				SDKROOT = watchos;
				STRING_CATALOG_GENERATE_SYMBOLS = NO;
				SWIFT_APPROACHABLE_CONCURRENCY = YES;
				SWIFT_EMIT_LOC_STRINGS = NO;
				SWIFT_UPCOMING_FEATURE_MEMBER_IMPORT_VISIBILITY = YES;
				SWIFT_VERSION = 5.0;
				TARGETED_DEVICE_FAMILY = 4;
				TEST_TARGET_NAME = "WatchSpeedTracker Watch App";
				VALIDATE_PRODUCT = YES;
				WATCHOS_DEPLOYMENT_TARGET = 26.5;
			};
			name = Release;
		};
/* End XCBuildConfiguration section */

/* Begin XCConfigurationList section */
		364BCF732FF2F16C00B129EA /* Build configuration list for PBXProject "WatchSpeedTracker" */ = {
			isa = XCConfigurationList;
			buildConfigurations = (
				364BCF9D2FF2F16E00B129EA /* Debug */,
				364BCF9E2FF2F16E00B129EA /* Release */,
			);
			defaultConfigurationIsVisible = 0;
			defaultConfigurationName = Release;
		};
		364BCF9F2FF2F16E00B129EA /* Build configuration list for PBXNativeTarget "WatchSpeedTracker Watch App" */ = {
			isa = XCConfigurationList;
			buildConfigurations = (
				364BCFA02FF2F16E00B129EA /* Debug */,
				364BCFA12FF2F16E00B129EA /* Release */,
			);
			defaultConfigurationIsVisible = 0;
			defaultConfigurationName = Release;
		};
		364BCFA32FF2F16E00B129EA /* Build configuration list for PBXNativeTarget "WatchSpeedTracker" */ = {
			isa = XCConfigurationList;
			buildConfigurations = (
				364BCFA42FF2F16E00B129EA /* Debug */,
				364BCFA52FF2F16E00B129EA /* Release */,
			);
			defaultConfigurationIsVisible = 0;
			defaultConfigurationName = Release;
		};
		364BCFA62FF2F16E00B129EA /* Build configuration list for PBXNativeTarget "WatchSpeedTracker Watch AppTests" */ = {
			isa = XCConfigurationList;
			buildConfigurations = (
				364BCFA72FF2F16E00B129EA /* Debug */,
				364BCFA82FF2F16E00B129EA /* Release */,
			);
			defaultConfigurationIsVisible = 0;
			defaultConfigurationName = Release;
		};
		364BCFA92FF2F16E00B129EA /* Build configuration list for PBXNativeTarget "WatchSpeedTracker Watch AppUITests" */ = {
			isa = XCConfigurationList;
			buildConfigurations = (
				364BCFAA2FF2F16E00B129EA /* Debug */,
				364BCFAB2FF2F16E00B129EA /* Release */,
			);
			defaultConfigurationIsVisible = 0;
			defaultConfigurationName = Release;
		};
/* End XCConfigurationList section */
	};
	rootObject = 364BCF702FF2F16C00B129EA /* Project object */;
}
